
Microsoft Visual Studio Solution File, Format Version 12.00
# Visual Studio Version 17
VisualStudioVersion = 17.5.002.0
MinimumVisualStudioVersion = 10.0.40219.1
Project("{9A19103F-16F7-4668-BE54-9A1E7A4F7556}") = "MayınProje", "MayınProje.csproj", "{17450D89-D335-4849-8CF9-6C396DBE8640}"
EndProject
Global
	GlobalSection(SolutionConfigurationPlatforms) = preSolution
		Debug|Any CPU = Debug|Any CPU
		Release|Any CPU = Release|Any CPU
	EndGlobalSection
	GlobalSection(ProjectConfigurationPlatforms) = postSolution
		{17450D89-D335-4849-8CF9-6C396DBE8640}.Debug|Any CPU.ActiveCfg = Debug|Any CPU
		{17450D89-D335-4849-8CF9-6C396DBE8640}.Debug|Any CPU.Build.0 = Debug|Any CPU
		{17450D89-D335-4849-8CF9-6C396DBE8640}.Release|Any CPU.ActiveCfg = Release|Any CPU
		{17450D89-D335-4849-8CF9-6C396DBE8640}.Release|Any CPU.Build.0 = Release|Any CPU
	EndGlobalSection
	GlobalSection(SolutionProperties) = preSolution
		HideSolutionNode = FALSE
	EndGlobalSection
	GlobalSection(ExtensibilityGlobals) = postSolution
		SolutionGuid = {550E3ED4-AB33-4C1A-977E-AC9CE1894CD6}
	EndGlobalSection
EndGlobal
